git.themarshians.com/dinglebit/httputil v0.0.0-20190718165630-580ad08b1d65 h1:AdLWcAmnbYun68j9v97E1fhXapxEi1zfW7E9igQhhsE=
git.themarshians.com/dinglebit/httputil v0.0.0-20190718165630-580ad08b1d65/go.mod h1:fUsIVC2J3HJBtXVG+LggzJ3sqKR/zHwCvZvYgKErbeM=
git.themarshians.com/dinglebit/log v0.0.0-20190718165207-0ae44ab57bb5 h1:uFvuro+3VLp3sTBCGFK85rKQYQ8W9lZHHxlOcbrji4w=
git.themarshians.com/dinglebit/log v0.0.0-20190718165207-0ae44ab57bb5/go.mod h1:mQrNLM+lrlPjCuwDhPadUnzwX1AZuvvnjHr3trdSHak=
